
Microsoft Visual Studio Solution File, Format Version 12.00
# Visual Studio Version 17
VisualStudioVersion = 17.5.002.0
MinimumVisualStudioVersion = 10.0.40219.1
Project("{9A19103F-16F7-4668-BE54-9A1E7A4F7556}") = "SPICA", "SPICA\SPICA.csproj", "{E671C62A-7657-4DD4-BDFA-2DAF1D2AFB14}"
EndProject
Global
	GlobalSection(SolutionConfigurationPlatforms) = preSolution
		Debug|Any CPU = Debug|Any CPU
		Release|Any CPU = Release|Any CPU
	EndGlobalSection
	GlobalSection(ProjectConfigurationPlatforms) = postSolution
		{E671C62A-7657-4DD4-BDFA-2DAF1D2AFB14}.Debug|Any CPU.ActiveCfg = Debug|Any CPU
		{E671C62A-7657-4DD4-BDFA-2DAF1D2AFB14}.Debug|Any CPU.Build.0 = Debug|Any CPU
		{E671C62A-7657-4DD4-BDFA-2DAF1D2AFB14}.Release|Any CPU.ActiveCfg = Release|Any CPU
		{E671C62A-7657-4DD4-BDFA-2DAF1D2AFB14}.Release|Any CPU.Build.0 = Release|Any CPU
	EndGlobalSection
	GlobalSection(SolutionProperties) = preSolution
		HideSolutionNode = FALSE
	EndGlobalSection
	GlobalSection(ExtensibilityGlobals) = postSolution
		SolutionGuid = {91FBF937-24B3-412A-A586-88073B9CD283}
	EndGlobalSection
EndGlobal
